{
	"name": "bpk-component-barchart",
	"version": "3.0.18",
	"lockfileVersion": 1,
	"requires": true,
	"dependencies": {
		"@babel/runtime": {
			"version": "7.7.4",
			"resolved": "https://registry.npmjs.org/@babel/runtime/-/runtime-7.7.4.tgz",
			"integrity": "sha512-r24eVUUr0QqNZa+qrImUk8fn5SPhHq+IfYvIoIMg0do3GdK9sMdiLKP3GYVVaxpPKORgm8KRKaNTEhAjgIpLMw==",
			"requires": {
				"regenerator-runtime": "^0.13.2"
			}
		},
		"asap": {
			"version": "2.0.6",
			"resolved": "https://registry.npmjs.org/asap/-/asap-2.0.6.tgz",
			"integrity": "sha1-5QNHYR1+aQlDIIu9r+vLwvuGbUY="
		},
		"bpk-component-breakpoint": {
			"version": "2.0.18",
			"resolved": "https://registry.npmjs.org/bpk-component-breakpoint/-/bpk-component-breakpoint-2.0.18.tgz",
			"integrity": "sha512-6Ed1GEwyPxPJIoeI7S+YqQq5v9uarLLtkLKivo7QdtbBrgtz3fahVRD+oxi1aLuLsi8d3e+HV378pU9P281iug==",
			"dev": true,
			"requires": {
				"bpk-mixins": "^19.0.18",
				"prop-types": "^15.6.2",
				"react-responsive": "^5.0.0"
			}
		},
		"bpk-component-content-container": {
			"version": "2.0.18",
			"resolved": "https://registry.npmjs.org/bpk-component-content-container/-/bpk-component-content-container-2.0.18.tgz",
			"integrity": "sha512-lsAq6Zw0Mj7uo40i7lc82YkpjVozUbiU1cXUY+9Ul1OgJJpyViQLZ0jPbKEbJmjIPo7J+kjWEByK+Vb3jh6f1Q==",
			"dev": true,
			"requires": {
				"bpk-mixins": "^19.0.18",
				"bpk-react-utils": "^2.8.3",
				"prop-types": "^15.6.2"
			}
		},
		"bpk-component-link": {
			"version": "2.0.18",
			"resolved": "https://registry.npmjs.org/bpk-component-link/-/bpk-component-link-2.0.18.tgz",
			"integrity": "sha512-1kZt+i8N39RnyBviEGrso9OuVI7wcjqJrEZU8PhVUFthYg5Ahg6p01YiIUOLzbcbbDHqUDAPrDxt/u3Hgtt27g==",
			"dev": true,
			"requires": {
				"bpk-mixins": "^19.0.18",
				"bpk-react-utils": "^2.8.3",
				"prop-types": "^15.6.2"
			}
		},
		"bpk-component-mobile-scroll-container": {
			"version": "2.0.18",
			"resolved": "https://registry.npmjs.org/bpk-component-mobile-scroll-container/-/bpk-component-mobile-scroll-container-2.0.18.tgz",
			"integrity": "sha512-Cl17OtWJXsq9cIeCz1XTV5zIWFVlB9ZBoQE1qX/CN3ktP9gHRCe0nKAJVMkNToG5kLDH8D4kTsiQEhnHmPgr4w==",
			"requires": {
				"bpk-mixins": "^19.0.18",
				"bpk-react-utils": "^2.8.3",
				"lodash.debounce": "^4.0.8",
				"prop-types": "^15.6.2"
			}
		},
		"bpk-component-rtl-toggle": {
			"version": "2.0.18",
			"resolved": "https://registry.npmjs.org/bpk-component-rtl-toggle/-/bpk-component-rtl-toggle-2.0.18.tgz",
			"integrity": "sha512-+ON4ZKzR4++WRMpTDbCyPKb1+N0+MO1sZjakfIRclaYjVvY5HMOxzk3nvHLJM91Z0JKqBOOzF9rKSItIrTbLkg==",
			"dev": true,
			"requires": {
				"bpk-component-link": "^2.0.18",
				"bpk-react-utils": "^2.8.3",
				"prop-types": "^15.6.2"
			}
		},
		"bpk-component-text": {
			"version": "2.0.18",
			"resolved": "https://registry.npmjs.org/bpk-component-text/-/bpk-component-text-2.0.18.tgz",
			"integrity": "sha512-wZed8khjid97JsT/IyHzdKL3WCAB84gvKqVJwBvVX/nibT2eS4ooHsb3Xv5JidbA+8zqqBbikDY+3jFN4XxkUQ==",
			"dev": true,
			"requires": {
				"bpk-mixins": "^19.0.18",
				"bpk-react-utils": "^2.8.3",
				"prop-types": "^15.6.2"
			}
		},
		"bpk-mixins": {
			"version": "19.0.18",
			"resolved": "https://registry.npmjs.org/bpk-mixins/-/bpk-mixins-19.0.18.tgz",
			"integrity": "sha512-Ghm+M21kYg0nRe1/eiXjLDmqWNjW4CqRr3kTzkHTTf1U+55qejrrh+hlBfmiKAi+lR7zPC54BS19IZAkBCd7xQ==",
			"requires": {
				"bpk-svgs": "^8.2.13",
				"bpk-tokens": "^29.4.0"
			}
		},
		"bpk-react-utils": {
			"version": "2.8.3",
			"resolved": "https://registry.npmjs.org/bpk-react-utils/-/bpk-react-utils-2.8.3.tgz",
			"integrity": "sha512-996q2LOpmergXXMvn8gwupQFpRKsYNPI2E781NGNDTgfj6l7nQ3A9Mm+NLCEPsHC34TFFDeh6HATkpOr4IDbpA==",
			"requires": {
				"object-assign": "^4.1.1",
				"prop-types": "^15.6.2",
				"react-transition-group": "^2.5.3",
				"recompose": "^0.30.0"
			}
		},
		"bpk-svgs": {
			"version": "8.2.13",
			"resolved": "https://registry.npmjs.org/bpk-svgs/-/bpk-svgs-8.2.13.tgz",
			"integrity": "sha512-BpQvmdOp+KmEYIzoU5mbYgvKuFSIhIPr+KOZ2Pv3VFlY/cYSu9OxTEY3WoE08DdwrYCxwsatM34Nw7OF4QogHg=="
		},
		"bpk-tokens": {
			"version": "29.4.0",
			"resolved": "https://registry.npmjs.org/bpk-tokens/-/bpk-tokens-29.4.0.tgz",
			"integrity": "sha512-iiq3jSVTPPioFkNwqVWKDuSq2JVU+CajT7jMLw8ljw4ni/BoCb7z3m9UDyd0vUfW9EMSEYteGOlPOyIRxgSpSw==",
			"requires": {
				"color": "^3.0.0"
			}
		},
		"change-emitter": {
			"version": "0.1.6",
			"resolved": "https://registry.npmjs.org/change-emitter/-/change-emitter-0.1.6.tgz",
			"integrity": "sha1-6LL+PX8at9aaMhma/5HqaTFAlRU="
		},
		"color": {
			"version": "3.1.2",
			"resolved": "https://registry.npmjs.org/color/-/color-3.1.2.tgz",
			"integrity": "sha512-vXTJhHebByxZn3lDvDJYw4lR5+uB3vuoHsuYA5AKuxRVn5wzzIfQKGLBmgdVRHKTJYeK5rvJcHnrd0Li49CFpg==",
			"requires": {
				"color-convert": "^1.9.1",
				"color-string": "^1.5.2"
			}
		},
		"color-convert": {
			"version": "1.9.3",
			"resolved": "https://registry.npmjs.org/color-convert/-/color-convert-1.9.3.tgz",
			"integrity": "sha512-QfAUtd+vFdAtFQcC8CCyYt1fYWxSqAiK2cSD6zDB8N3cpsEBAvRxp9zOGg6G/SHHJYAT88/az/IuDGALsNVbGg==",
			"requires": {
				"color-name": "1.1.3"
			}
		},
		"color-name": {
			"version": "1.1.3",
			"resolved": "https://registry.npmjs.org/color-name/-/color-name-1.1.3.tgz",
			"integrity": "sha1-p9BVi9icQveV3UIyj3QIMcpTvCU="
		},
		"color-string": {
			"version": "1.5.3",
			"resolved": "https://registry.npmjs.org/color-string/-/color-string-1.5.3.tgz",
			"integrity": "sha512-dC2C5qeWoYkxki5UAXapdjqO672AM4vZuPGRQfO8b5HKuKGBbKWpITyDYN7TOFKvRW7kOgAn3746clDBMDJyQw==",
			"requires": {
				"color-name": "^1.0.0",
				"simple-swizzle": "^0.2.2"
			}
		},
		"core-js": {
			"version": "1.2.7",
			"resolved": "https://registry.npmjs.org/core-js/-/core-js-1.2.7.tgz",
			"integrity": "sha1-ZSKUwUZR2yj6k70tX/KYOk8IxjY="
		},
		"css-mediaquery": {
			"version": "0.1.2",
			"resolved": "https://registry.npmjs.org/css-mediaquery/-/css-mediaquery-0.1.2.tgz",
			"integrity": "sha1-aiw3NEkoYYYxxUvTPO3TAdoYvqA=",
			"dev": true
		},
		"d3-array": {
			"version": "2.4.0",
			"resolved": "https://registry.npmjs.org/d3-array/-/d3-array-2.4.0.tgz",
			"integrity": "sha512-KQ41bAF2BMakf/HdKT865ALd4cgND6VcIztVQZUTt0+BH3RWy6ZYnHghVXf6NFjt2ritLr8H1T8LreAAlfiNcw=="
		},
		"d3-color": {
			"version": "1.4.0",
			"resolved": "https://registry.npmjs.org/d3-color/-/d3-color-1.4.0.tgz",
			"integrity": "sha512-TzNPeJy2+iEepfiL92LAAB7fvnp/dV2YwANPVHdDWmYMm23qIJBYww3qT8I8C1wXrmrg4UWs7BKc2tKIgyjzHg=="
		},
		"d3-format": {
			"version": "1.4.2",
			"resolved": "https://registry.npmjs.org/d3-format/-/d3-format-1.4.2.tgz",
			"integrity": "sha512-gco1Ih54PgMsyIXgttLxEhNy/mXxq8+rLnCb5shQk+P5TsiySrwWU5gpB4zen626J4LIwBxHvDChyA8qDm57ww=="
		},
		"d3-interpolate": {
			"version": "1.4.0",
			"resolved": "https://registry.npmjs.org/d3-interpolate/-/d3-interpolate-1.4.0.tgz",
			"integrity": "sha512-V9znK0zc3jOPV4VD2zZn0sDhZU3WAE2bmlxdIwwQPPzPjvyLkd8B3JUVdS1IDUFDkWZ72c9qnv1GK2ZagTZ8EA==",
			"requires": {
				"d3-color": "1"
			}
		},
		"d3-path": {
			"version": "1.0.7",
			"resolved": "https://registry.npmjs.org/d3-path/-/d3-path-1.0.7.tgz",
			"integrity": "sha512-q0cW1RpvA5c5ma2rch62mX8AYaiLX0+bdaSM2wxSU9tXjU4DNvkx9qiUvjkuWCj3p22UO/hlPivujqMiR9PDzA=="
		},
		"d3-scale": {
			"version": "3.2.1",
			"resolved": "https://registry.npmjs.org/d3-scale/-/d3-scale-3.2.1.tgz",
			"integrity": "sha512-huz5byJO/6MPpz6Q8d4lg7GgSpTjIZW/l+1MQkzKfu2u8P6hjaXaStOpmyrD6ymKoW87d2QVFCKvSjLwjzx/rA==",
			"requires": {
				"d3-array": "1.2.0 - 2",
				"d3-format": "1",
				"d3-interpolate": "^1.2.0",
				"d3-time": "1",
				"d3-time-format": "2"
			}
		},
		"d3-time": {
			"version": "1.1.0",
			"resolved": "https://registry.npmjs.org/d3-time/-/d3-time-1.1.0.tgz",
			"integrity": "sha512-Xh0isrZ5rPYYdqhAVk8VLnMEidhz5aP7htAADH6MfzgmmicPkTo8LhkLxci61/lCB7n7UmE3bN0leRt+qvkLxA=="
		},
		"d3-time-format": {
			"version": "2.2.2",
			"resolved": "https://registry.npmjs.org/d3-time-format/-/d3-time-format-2.2.2.tgz",
			"integrity": "sha512-pweL2Ri2wqMY+wlW/wpkl8T3CUzKAha8S9nmiQlMABab8r5MJN0PD1V4YyRNVaKQfeh4Z0+VO70TLw6ESVOYzw==",
			"requires": {
				"d3-time": "1"
			}
		},
		"dom-helpers": {
			"version": "3.4.0",
			"resolved": "https://registry.npmjs.org/dom-helpers/-/dom-helpers-3.4.0.tgz",
			"integrity": "sha512-LnuPJ+dwqKDIyotW1VzmOZ5TONUN7CwkCR5hrgawTUbkBGYdeoNLZo6nNfGkCrjtE1nXXaj7iMMpDa8/d9WoIA==",
			"requires": {
				"@babel/runtime": "^7.1.2"
			}
		},
		"encoding": {
			"version": "0.1.12",
			"resolved": "https://registry.npmjs.org/encoding/-/encoding-0.1.12.tgz",
			"integrity": "sha1-U4tm8+5izRq1HsMjgp0flIDHS+s=",
			"requires": {
				"iconv-lite": "~0.4.13"
			}
		},
		"fbjs": {
			"version": "0.8.17",
			"resolved": "https://registry.npmjs.org/fbjs/-/fbjs-0.8.17.tgz",
			"integrity": "sha1-xNWY6taUkRJlPWWIsBpc3Nn5D90=",
			"requires": {
				"core-js": "^1.0.0",
				"isomorphic-fetch": "^2.1.1",
				"loose-envify": "^1.0.0",
				"object-assign": "^4.1.0",
				"promise": "^7.1.1",
				"setimmediate": "^1.0.5",
				"ua-parser-js": "^0.7.18"
			}
		},
		"hoist-non-react-statics": {
			"version": "2.5.5",
			"resolved": "https://registry.npmjs.org/hoist-non-react-statics/-/hoist-non-react-statics-2.5.5.tgz",
			"integrity": "sha512-rqcy4pJo55FTTLWt+bU8ukscqHeE/e9KWvsOW2b/a3afxQZhwkQdT1rPPCJ0rYXdj4vNcasY8zHTH+jF/qStxw=="
		},
		"hyphenate-style-name": {
			"version": "1.0.3",
			"resolved": "https://registry.npmjs.org/hyphenate-style-name/-/hyphenate-style-name-1.0.3.tgz",
			"integrity": "sha512-EcuixamT82oplpoJ2XU4pDtKGWQ7b00CD9f1ug9IaQ3p1bkHMiKCZ9ut9QDI6qsa6cpUuB+A/I+zLtdNK4n2DQ==",
			"dev": true
		},
		"iconv-lite": {
			"version": "0.4.24",
			"resolved": "https://registry.npmjs.org/iconv-lite/-/iconv-lite-0.4.24.tgz",
			"integrity": "sha512-v3MXnZAcvnywkTUEZomIActle7RXXeedOR31wwl7VlyoXO4Qi9arvSenNQWne1TcRwhCL1HwLI21bEqdpj8/rA==",
			"requires": {
				"safer-buffer": ">= 2.1.2 < 3"
			}
		},
		"is-arrayish": {
			"version": "0.3.2",
			"resolved": "https://registry.npmjs.org/is-arrayish/-/is-arrayish-0.3.2.tgz",
			"integrity": "sha512-eVRqCvVlZbuw3GrM63ovNSNAeA1K16kaR/LRY/92w0zxQ5/1YzwblUX652i4Xs9RwAGjW9d9y6X88t8OaAJfWQ=="
		},
		"is-stream": {
			"version": "1.1.0",
			"resolved": "https://registry.npmjs.org/is-stream/-/is-stream-1.1.0.tgz",
			"integrity": "sha1-EtSj3U5o4Lec6428hBc66A2RykQ="
		},
		"isomorphic-fetch": {
			"version": "2.2.1",
			"resolved": "https://registry.npmjs.org/isomorphic-fetch/-/isomorphic-fetch-2.2.1.tgz",
			"integrity": "sha1-YRrhrPFPXoH3KVB0coGf6XM1WKk=",
			"requires": {
				"node-fetch": "^1.0.1",
				"whatwg-fetch": ">=0.10.0"
			}
		},
		"js-tokens": {
			"version": "4.0.0",
			"resolved": "https://registry.npmjs.org/js-tokens/-/js-tokens-4.0.0.tgz",
			"integrity": "sha512-RdJUflcE3cUzKiMqQgsCu06FPu9UdIJO0beYbPhHN4k6apgJtifcoCtT9bcxOpYBtpD2kCM6Sbzg4CausW/PKQ=="
		},
		"lodash.debounce": {
			"version": "4.0.8",
			"resolved": "https://registry.npmjs.org/lodash.debounce/-/lodash.debounce-4.0.8.tgz",
			"integrity": "sha1-gteb/zCmfEAF/9XiUVMArZyk168="
		},
		"loose-envify": {
			"version": "1.4.0",
			"resolved": "https://registry.npmjs.org/loose-envify/-/loose-envify-1.4.0.tgz",
			"integrity": "sha512-lyuxPGr/Wfhrlem2CL/UcnUc1zcqKAImBDzukY7Y5F/yQiNdko6+fRLevlw1HgMySw7f611UIY408EtxRSoK3Q==",
			"requires": {
				"js-tokens": "^3.0.0 || ^4.0.0"
			}
		},
		"matchmediaquery": {
			"version": "0.3.0",
			"resolved": "https://registry.npmjs.org/matchmediaquery/-/matchmediaquery-0.3.0.tgz",
			"integrity": "sha512-u0dlv+VENJ+3YepvwSPBieuvnA6DWfaYa/ctwysAR13y4XLJNyt7bEVKzNj/Nvjo+50d88Pj+xL9xaSo6JmX/w==",
			"dev": true,
			"requires": {
				"css-mediaquery": "^0.1.2"
			}
		},
		"node-fetch": {
			"version": "1.7.3",
			"resolved": "https://registry.npmjs.org/node-fetch/-/node-fetch-1.7.3.tgz",
			"integrity": "sha512-NhZ4CsKx7cYm2vSrBAr2PvFOe6sWDf0UYLRqA6svUYg7+/TSfVAu49jYC4BvQ4Sms9SZgdqGBgroqfDhJdTyKQ==",
			"requires": {
				"encoding": "^0.1.11",
				"is-stream": "^1.0.1"
			}
		},
		"object-assign": {
			"version": "4.1.1",
			"resolved": "https://registry.npmjs.org/object-assign/-/object-assign-4.1.1.tgz",
			"integrity": "sha1-IQmtx5ZYh8/AXLvUQsrIv7s2CGM="
		},
		"promise": {
			"version": "7.3.1",
			"resolved": "https://registry.npmjs.org/promise/-/promise-7.3.1.tgz",
			"integrity": "sha512-nolQXZ/4L+bP/UGlkfaIujX9BKxGwmQ9OT4mOt5yvy8iK1h3wqTEJCijzGANTCCl9nWjY41juyAn2K3Q1hLLTg==",
			"requires": {
				"asap": "~2.0.3"
			}
		},
		"prop-types": {
			"version": "15.6.2",
			"resolved": "https://registry.npmjs.org/prop-types/-/prop-types-15.6.2.tgz",
			"integrity": "sha512-3pboPvLiWD7dkI3qf3KbUe6hKFKa52w+AE0VCqECtf+QHAKgOL37tTaNCnuX1nAAQ4ZhyP+kYVKf8rLmJ/feDQ==",
			"requires": {
				"loose-envify": "^1.3.1",
				"object-assign": "^4.1.1"
			}
		},
		"react-lifecycles-compat": {
			"version": "3.0.4",
			"resolved": "https://registry.npmjs.org/react-lifecycles-compat/-/react-lifecycles-compat-3.0.4.tgz",
			"integrity": "sha512-fBASbA6LnOU9dOU2eW7aQ8xmYBSXUIWr+UmF9b1efZBazGNO+rcXT/icdKnYm2pTwcRylVUYwW7H1PHfLekVzA=="
		},
		"react-responsive": {
			"version": "5.0.0",
			"resolved": "https://registry.npmjs.org/react-responsive/-/react-responsive-5.0.0.tgz",
			"integrity": "sha512-oEimZ0FTCC3/pjGDEBHOz06nWbBNDIbMGOdRYp6K9SBUmrqgNAX77hTiqvmRQeLyI97zz4F4kiaFRxFspDxE+w==",
			"dev": true,
			"requires": {
				"hyphenate-style-name": "^1.0.0",
				"matchmediaquery": "^0.3.0",
				"prop-types": "^15.6.1"
			}
		},
		"react-transition-group": {
			"version": "2.9.0",
			"resolved": "https://registry.npmjs.org/react-transition-group/-/react-transition-group-2.9.0.tgz",
			"integrity": "sha512-+HzNTCHpeQyl4MJ/bdE0u6XRMe9+XG/+aL4mCxVN4DnPBQ0/5bfHWPDuOZUzYdMj94daZaZdCCc1Dzt9R/xSSg==",
			"requires": {
				"dom-helpers": "^3.4.0",
				"loose-envify": "^1.4.0",
				"prop-types": "^15.6.2",
				"react-lifecycles-compat": "^3.0.4"
			}
		},
		"recompose": {
			"version": "0.30.0",
			"resolved": "https://registry.npmjs.org/recompose/-/recompose-0.30.0.tgz",
			"integrity": "sha512-ZTrzzUDa9AqUIhRk4KmVFihH0rapdCSMFXjhHbNrjAWxBuUD/guYlyysMnuHjlZC/KRiOKRtB4jf96yYSkKE8w==",
			"requires": {
				"@babel/runtime": "^7.0.0",
				"change-emitter": "^0.1.2",
				"fbjs": "^0.8.1",
				"hoist-non-react-statics": "^2.3.1",
				"react-lifecycles-compat": "^3.0.2",
				"symbol-observable": "^1.0.4"
			}
		},
		"regenerator-runtime": {
			"version": "0.13.3",
			"resolved": "https://registry.npmjs.org/regenerator-runtime/-/regenerator-runtime-0.13.3.tgz",
			"integrity": "sha512-naKIZz2GQ8JWh///G7L3X6LaQUAMp2lvb1rvwwsURe/VXwD6VMfr+/1NuNw3ag8v2kY1aQ/go5SNn79O9JU7yw=="
		},
		"safer-buffer": {
			"version": "2.1.2",
			"resolved": "https://registry.npmjs.org/safer-buffer/-/safer-buffer-2.1.2.tgz",
			"integrity": "sha512-YZo3K82SD7Riyi0E1EQPojLz7kpepnSQI9IyPbHHg1XXXevb5dJI7tpyN2ADxGcQbHG7vcyRHk0cbwqcQriUtg=="
		},
		"setimmediate": {
			"version": "1.0.5",
			"resolved": "https://registry.npmjs.org/setimmediate/-/setimmediate-1.0.5.tgz",
			"integrity": "sha1-KQy7Iy4waULX1+qbg3Mqt4VvgoU="
		},
		"simple-swizzle": {
			"version": "0.2.2",
			"resolved": "https://registry.npmjs.org/simple-swizzle/-/simple-swizzle-0.2.2.tgz",
			"integrity": "sha1-pNprY1/8zMoz9w0Xy5JZLeleVXo=",
			"requires": {
				"is-arrayish": "^0.3.1"
			}
		},
		"symbol-observable": {
			"version": "1.2.0",
			"resolved": "https://registry.npmjs.org/symbol-observable/-/symbol-observable-1.2.0.tgz",
			"integrity": "sha512-e900nM8RRtGhlV36KGEU9k65K3mPb1WV70OdjfxlG2EAuM1noi/E/BaW/uMhL7bPEssK8QV57vN3esixjUvcXQ=="
		},
		"ua-parser-js": {
			"version": "0.7.20",
			"resolved": "https://registry.npmjs.org/ua-parser-js/-/ua-parser-js-0.7.20.tgz",
			"integrity": "sha512-8OaIKfzL5cpx8eCMAhhvTlft8GYF8b2eQr6JkCyVdrgjcytyOmPCXrqXFcUnhonRpLlh5yxEZVohm6mzaowUOw=="
		},
		"whatwg-fetch": {
			"version": "3.0.0",
			"resolved": "https://registry.npmjs.org/whatwg-fetch/-/whatwg-fetch-3.0.0.tgz",
			"integrity": "sha512-9GSJUgz1D4MfyKU7KRqwOjXCXTqWdFNvEr7eUBYchQiVc744mqK/MzXPNR2WsPkmkOa4ywfg8C2n8h+13Bey1Q=="
		}
	}
}
